{
  "nodes": {
    "asdf-plugin-nodejs": {
      "flake": false,
      "locked": {
        "lastModified": 1750251804,
        "narHash": "sha256-l7Nd1NJBKM7hTltLHklzHLtKhZCbGf5ChtCDqG8JgiU=",
        "owner": "asdf-vm",
        "repo": "asdf-nodejs",
        "rev": "90b8ecaa556916daba983a7b01869a9ea682f285",
        "type": "github"
      },
      "original": {
        "owner": "asdf-vm",
        "repo": "asdf-nodejs",
        "type": "github"
      }
    },
    "asdf-plugin-python": {
      "flake": false,
      "locked": {
        "lastModified": 1768474863,
        "narHash": "sha256-9NMHlzzBLVkxP1olVOncomO4+dg1Z/Al7KCta5/ygqU=",
        "owner": "danhper",
        "repo": "asdf-python",
        "rev": "32a48fd63787226ea3e6db7feb6a26257e4402ca",
        "type": "github"
      },
      "original": {
        "owner": "danhper",
        "repo": "asdf-python",
        "type": "github"
      }
    },
    "brew-src": {
      "flake": false,
      "locked": {
        "lastModified": 1763638478,
        "narHash": "sha256-n/IMowE9S23ovmTkKX7KhxXC2Yq41EAVFR2FBIXPcT8=",
        "owner": "Homebrew",
        "repo": "brew",
        "rev": "fbfdbaba008189499958a7aeb1e2c36ab10c067d",
        "type": "github"
      },
      "original": {
        "owner": "Homebrew",
        "ref": "5.0.3",
        "repo": "brew",
        "type": "github"
      }
    },
    "catppuccin": {
      "inputs": {
        "nixpkgs": [
          "nixpkgs"
        ]
      },
      "locked": {
        "lastModified": 1768575137,
        "narHash": "sha256-e0SsKnkSnq+UwZNS9ZyPJjTjabzq9TRc1hqeDnvOF1Q=",
        "owner": "catppuccin",
        "repo": "nix",
        "rev": "48e67b4ad22072f1ae30b0ed8e1cb020cf06c611",
        "type": "github"
      },
      "original": {
        "owner": "catppuccin",
        "repo": "nix",
        "type": "github"
      }
    },
    "fish-plugin-nvm": {
      "flake": false,
      "locked": {
        "lastModified": 1764943543,
        "narHash": "sha256-ZY443mWe/J2eSylzgNEJiLvurqE9StWGb0fvGHthqA0=",
        "owner": "jorgebucaran",
        "repo": "nvm.fish",
        "rev": "cc70373951379cb986a99f059bfc1e9834a3bdd7",
        "type": "github"
      },
      "original": {
        "owner": "jorgebucaran",
        "repo": "nvm.fish",
        "type": "github"
      }
    },
    "home-manager": {
      "inputs": {
        "nixpkgs": [
          "nixpkgs"
        ]
      },
      "locked": {
        "lastModified": 1768530555,
        "narHash": "sha256-EBXKDho4t1YSgodAL6C8M3UTm8MGMZNQ9rQnceR5+6c=",
        "owner": "nix-community",
        "repo": "home-manager",
        "rev": "d21bee5abf9fb4a42b2fa7728bf671f8bb246ba6",
        "type": "github"
      },
      "original": {
        "owner": "nix-community",
        "repo": "home-manager",
        "type": "github"
      }
    },
    "nix-darwin": {
      "inputs": {
        "nixpkgs": [
          "nixpkgs"
        ]
      },
      "locked": {
        "lastModified": 1768561867,
        "narHash": "sha256-prGOZ+w3pZfGTRxworKcJliCNsewF0L4HUPjgU/6eaw=",
        "owner": "LnL7",
        "repo": "nix-darwin",
        "rev": "8b720b9662d4dd19048664b7e4216ce530591adc",
        "type": "github"
      },
      "original": {
        "owner": "LnL7",
        "repo": "nix-darwin",
        "type": "github"
      }
    },
    "nix-homebrew": {
      "inputs": {
        "brew-src": "brew-src"
      },
      "locked": {
        "lastModified": 1764473698,
        "narHash": "sha256-C91gPgv6udN5WuIZWNehp8qdLqlrzX6iF/YyboOj6XI=",
        "owner": "zhaofengli-wip",
        "repo": "nix-homebrew",
        "rev": "6a8ab60bfd66154feeaa1021fc3b32684814a62a",
        "type": "github"
      },
      "original": {
        "owner": "zhaofengli-wip",
        "repo": "nix-homebrew",
        "type": "github"
      }
    },
    "nixpkgs": {
      "locked": {
        "lastModified": 1768395095,
        "narHash": "sha256-ZhuYJbwbZT32QA95tSkXd9zXHcdZj90EzHpEXBMabaw=",
        "owner": "NixOS",
        "repo": "nixpkgs",
        "rev": "13868c071cc73a5e9f610c47d7bb08e5da64fdd5",
        "type": "github"
      },
      "original": {
        "owner": "NixOS",
        "ref": "nixpkgs-unstable",
        "repo": "nixpkgs",
        "type": "github"
      }
    },
    "root": {
      "inputs": {
        "asdf-plugin-nodejs": "asdf-plugin-nodejs",
        "asdf-plugin-python": "asdf-plugin-python",
        "catppuccin": "catppuccin",
        "fish-plugin-nvm": "fish-plugin-nvm",
        "home-manager": "home-manager",
        "nix-darwin": "nix-darwin",
        "nix-homebrew": "nix-homebrew",
        "nixpkgs": "nixpkgs",
        "tap-homebrew-bundle": "tap-homebrew-bundle",
        "tap-homebrew-cask": "tap-homebrew-cask",
        "tap-homebrew-core": "tap-homebrew-core",
        "tap-nikitabobko-tap": "tap-nikitabobko-tap"
      }
    },
    "tap-homebrew-bundle": {
      "flake": false,
      "locked": {
        "lastModified": 1745335228,
        "narHash": "sha256-TIKR2UgtyUmHLNZp255/vLs+1I10hXe+sciMEbAGFwE=",
        "owner": "homebrew",
        "repo": "homebrew-bundle",
        "rev": "a3265c84b232e13048ecbf6fc18a2eedfadbeb08",
        "type": "github"
      },
      "original": {
        "owner": "homebrew",
        "repo": "homebrew-bundle",
        "type": "github"
      }
    },
    "tap-homebrew-cask": {
      "flake": false,
      "locked": {
        "lastModified": 1768578727,
        "narHash": "sha256-tWBdH0JoK3yaG43g4uarvRdLPlm/8i6a1x2qAligbE8=",
        "owner": "homebrew",
        "repo": "homebrew-cask",
        "rev": "b677f5681227da18de27ac937a4ead962599de34",
        "type": "github"
      },
      "original": {
        "owner": "homebrew",
        "repo": "homebrew-cask",
        "type": "github"
      }
    },
    "tap-homebrew-core": {
      "flake": false,
      "locked": {
        "lastModified": 1768577517,
        "narHash": "sha256-FRIqlIa/zWlINtlsIxXSFiamOV/dSPgfPbfUYMFLhNo=",
        "owner": "homebrew",
        "repo": "homebrew-core",
        "rev": "237cc433827b8f9fb011649535d7bd82aae57686",
        "type": "github"
      },
      "original": {
        "owner": "homebrew",
        "repo": "homebrew-core",
        "type": "github"
      }
    },
    "tap-nikitabobko-tap": {
      "flake": false,
      "locked": {
        "lastModified": 1767556899,
        "narHash": "sha256-UXqidzDPZk30+KXaapZo7U33Cfwmaef7knwDO26Wa4c=",
        "owner": "nikitabobko",
        "repo": "homebrew-tap",
        "rev": "3806a446c6c4c6962d8790187ccdbd2bdbdebb5a",
        "type": "github"
      },
      "original": {
        "owner": "nikitabobko",
        "repo": "homebrew-tap",
        "type": "github"
      }
    }
  },
  "root": "root",
  "version": 7
}
