{
  "nodes": {
    "asdf-plugin-nodejs": {
      "flake": false,
      "locked": {
        "lastModified": 1750251804,
        "narHash": "sha256-l7Nd1NJBKM7hTltLHklzHLtKhZCbGf5ChtCDqG8JgiU=",
        "owner": "asdf-vm",
        "repo": "asdf-nodejs",
        "rev": "90b8ecaa556916daba983a7b01869a9ea682f285",
        "type": "github"
      },
      "original": {
        "owner": "asdf-vm",
        "repo": "asdf-nodejs",
        "type": "github"
      }
    },
    "asdf-plugin-python": {
      "flake": false,
      "locked": {
        "lastModified": 1768474863,
        "narHash": "sha256-9NMHlzzBLVkxP1olVOncomO4+dg1Z/Al7KCta5/ygqU=",
        "owner": "danhper",
        "repo": "asdf-python",
        "rev": "32a48fd63787226ea3e6db7feb6a26257e4402ca",
        "type": "github"
      },
      "original": {
        "owner": "danhper",
        "repo": "asdf-python",
        "type": "github"
      }
    },
    "brew-src": {
      "flake": false,
      "locked": {
        "lastModified": 1769363988,
        "narHash": "sha256-BiGPeulrDVetXP+tjxhMcGLUROZAtZIhU5m4MqawCfM=",
        "owner": "Homebrew",
        "repo": "brew",
        "rev": "d01011cac6d72032c75fd2cd9489909e95d9faf2",
        "type": "github"
      },
      "original": {
        "owner": "Homebrew",
        "ref": "5.0.12",
        "repo": "brew",
        "type": "github"
      }
    },
    "catppuccin": {
      "inputs": {
        "nixpkgs": [
          "nixpkgs"
        ]
      },
      "locked": {
        "lastModified": 1770551880,
        "narHash": "sha256-+cS5yXWsSLiK36+PP/+dcQdxpXSclx2d65p7l6Dis+A=",
        "owner": "catppuccin",
        "repo": "nix",
        "rev": "db4dfe3f2a80e9c33492d839accd49f75c7324c2",
        "type": "github"
      },
      "original": {
        "owner": "catppuccin",
        "repo": "nix",
        "type": "github"
      }
    },
    "fish-plugin-nvm": {
      "flake": false,
      "locked": {
        "lastModified": 1764943543,
        "narHash": "sha256-ZY443mWe/J2eSylzgNEJiLvurqE9StWGb0fvGHthqA0=",
        "owner": "jorgebucaran",
        "repo": "nvm.fish",
        "rev": "cc70373951379cb986a99f059bfc1e9834a3bdd7",
        "type": "github"
      },
      "original": {
        "owner": "jorgebucaran",
        "repo": "nvm.fish",
        "type": "github"
      }
    },
    "home-manager": {
      "inputs": {
        "nixpkgs": [
          "nixpkgs"
        ]
      },
      "locked": {
        "lastModified": 1770910055,
        "narHash": "sha256-6HJVLBtbf2ub4a3P9YG+a3CTzzUcy4HpLz4IQdiyVxY=",
        "owner": "nix-community",
        "repo": "home-manager",
        "rev": "0825a0922a5d677f5f984bb79524569bbd1f9954",
        "type": "github"
      },
      "original": {
        "owner": "nix-community",
        "repo": "home-manager",
        "type": "github"
      }
    },
    "nix-darwin": {
      "inputs": {
        "nixpkgs": [
          "nixpkgs"
        ]
      },
      "locked": {
        "lastModified": 1770736414,
        "narHash": "sha256-x5xdJgUxNflO9j2sJHIHnPujDy6eAWJPCMQml5y9XB4=",
        "owner": "LnL7",
        "repo": "nix-darwin",
        "rev": "7c952d9a524ffbbd5b5edca38fe6d943499585cc",
        "type": "github"
      },
      "original": {
        "owner": "LnL7",
        "repo": "nix-darwin",
        "type": "github"
      }
    },
    "nix-homebrew": {
      "inputs": {
        "brew-src": "brew-src"
      },
      "locked": {
        "lastModified": 1769437432,
        "narHash": "sha256-8d7KnCpT2LweRvSzZYEGd9IM3eFX+A78opcnDM0+ndk=",
        "owner": "zhaofengli-wip",
        "repo": "nix-homebrew",
        "rev": "a5409abd0d5013d79775d3419bcac10eacb9d8c5",
        "type": "github"
      },
      "original": {
        "owner": "zhaofengli-wip",
        "repo": "nix-homebrew",
        "type": "github"
      }
    },
    "nixpkgs": {
      "locked": {
        "lastModified": 1770843696,
        "narHash": "sha256-LovWTGDwXhkfCOmbgLVA10bvsi/P8eDDpRudgk68HA8=",
        "owner": "NixOS",
        "repo": "nixpkgs",
        "rev": "2343bbb58f99267223bc2aac4fc9ea301a155a16",
        "type": "github"
      },
      "original": {
        "owner": "NixOS",
        "ref": "nixpkgs-unstable",
        "repo": "nixpkgs",
        "type": "github"
      }
    },
    "root": {
      "inputs": {
        "asdf-plugin-nodejs": "asdf-plugin-nodejs",
        "asdf-plugin-python": "asdf-plugin-python",
        "catppuccin": "catppuccin",
        "fish-plugin-nvm": "fish-plugin-nvm",
        "home-manager": "home-manager",
        "nix-darwin": "nix-darwin",
        "nix-homebrew": "nix-homebrew",
        "nixpkgs": "nixpkgs",
        "tap-asheshgoplani-tap": "tap-asheshgoplani-tap",
        "tap-homebrew-bundle": "tap-homebrew-bundle",
        "tap-homebrew-cask": "tap-homebrew-cask",
        "tap-homebrew-core": "tap-homebrew-core",
        "tap-jira-cli": "tap-jira-cli",
        "tap-mattt-tap": "tap-mattt-tap",
        "tap-nikitabobko-tap": "tap-nikitabobko-tap"
      }
    },
    "tap-asheshgoplani-tap": {
      "flake": false,
      "locked": {
        "lastModified": 1770805103,
        "narHash": "sha256-gA6jpaLh+OE/niJsslVgYi/CiX8nbd8VwfONx+gKK04=",
        "owner": "asheshgoplani",
        "repo": "homebrew-tap",
        "rev": "cef8722defe27335e2a6d2710d98b877e2938170",
        "type": "github"
      },
      "original": {
        "owner": "asheshgoplani",
        "repo": "homebrew-tap",
        "type": "github"
      }
    },
    "tap-homebrew-bundle": {
      "flake": false,
      "locked": {
        "lastModified": 1745335228,
        "narHash": "sha256-TIKR2UgtyUmHLNZp255/vLs+1I10hXe+sciMEbAGFwE=",
        "owner": "homebrew",
        "repo": "homebrew-bundle",
        "rev": "a3265c84b232e13048ecbf6fc18a2eedfadbeb08",
        "type": "github"
      },
      "original": {
        "owner": "homebrew",
        "repo": "homebrew-bundle",
        "type": "github"
      }
    },
    "tap-homebrew-cask": {
      "flake": false,
      "locked": {
        "lastModified": 1770904254,
        "narHash": "sha256-agiSASgs0Rez6b69nB0JvtrhDCyom/XTfx14NEFvcXo=",
        "owner": "homebrew",
        "repo": "homebrew-cask",
        "rev": "69109e3836fe84394aea7a9e91227901ecf71b1a",
        "type": "github"
      },
      "original": {
        "owner": "homebrew",
        "repo": "homebrew-cask",
        "type": "github"
      }
    },
    "tap-homebrew-core": {
      "flake": false,
      "locked": {
        "lastModified": 1770909994,
        "narHash": "sha256-Ps9IY3x/77LXDcsLitJjOqWu47Cc+yv8qFxtGJo7C6g=",
        "owner": "homebrew",
        "repo": "homebrew-core",
        "rev": "8821369a1499534722ec5dbe028c18ba3fa7f905",
        "type": "github"
      },
      "original": {
        "owner": "homebrew",
        "repo": "homebrew-core",
        "type": "github"
      }
    },
    "tap-jira-cli": {
      "flake": false,
      "locked": {
        "lastModified": 1756630290,
        "narHash": "sha256-FaA5NRgEFsoqBiCT+GLlb5pOpKnra+YdRLoJjV0rNOI=",
        "owner": "ankitpokhrel",
        "repo": "homebrew-jira-cli",
        "rev": "e9a0a4593e1756da3ec02cf3cd63cc3066330d1f",
        "type": "github"
      },
      "original": {
        "owner": "ankitpokhrel",
        "repo": "homebrew-jira-cli",
        "type": "github"
      }
    },
    "tap-mattt-tap": {
      "flake": false,
      "locked": {
        "lastModified": 1760009931,
        "narHash": "sha256-ltyfq9k97HQ6Yx8HZiUpiyXFx6lWmQi0ClM/G5XnSmA=",
        "owner": "mattt",
        "repo": "homebrew-tap",
        "rev": "c7021af616217419ca12c926d05e9dadc58d4b22",
        "type": "github"
      },
      "original": {
        "owner": "mattt",
        "repo": "homebrew-tap",
        "type": "github"
      }
    },
    "tap-nikitabobko-tap": {
      "flake": false,
      "locked": {
        "lastModified": 1767556899,
        "narHash": "sha256-UXqidzDPZk30+KXaapZo7U33Cfwmaef7knwDO26Wa4c=",
        "owner": "nikitabobko",
        "repo": "homebrew-tap",
        "rev": "3806a446c6c4c6962d8790187ccdbd2bdbdebb5a",
        "type": "github"
      },
      "original": {
        "owner": "nikitabobko",
        "repo": "homebrew-tap",
        "type": "github"
      }
    }
  },
  "root": "root",
  "version": 7
}
