{
  "nodes": {
    "asdf-plugin-nodejs": {
      "flake": false,
      "locked": {
        "lastModified": 1750251804,
        "narHash": "sha256-l7Nd1NJBKM7hTltLHklzHLtKhZCbGf5ChtCDqG8JgiU=",
        "owner": "asdf-vm",
        "repo": "asdf-nodejs",
        "rev": "90b8ecaa556916daba983a7b01869a9ea682f285",
        "type": "github"
      },
      "original": {
        "owner": "asdf-vm",
        "repo": "asdf-nodejs",
        "type": "github"
      }
    },
    "asdf-plugin-python": {
      "flake": false,
      "locked": {
        "lastModified": 1768474863,
        "narHash": "sha256-9NMHlzzBLVkxP1olVOncomO4+dg1Z/Al7KCta5/ygqU=",
        "owner": "danhper",
        "repo": "asdf-python",
        "rev": "32a48fd63787226ea3e6db7feb6a26257e4402ca",
        "type": "github"
      },
      "original": {
        "owner": "danhper",
        "repo": "asdf-python",
        "type": "github"
      }
    },
    "brew-src": {
      "flake": false,
      "locked": {
        "lastModified": 1769363988,
        "narHash": "sha256-BiGPeulrDVetXP+tjxhMcGLUROZAtZIhU5m4MqawCfM=",
        "owner": "Homebrew",
        "repo": "brew",
        "rev": "d01011cac6d72032c75fd2cd9489909e95d9faf2",
        "type": "github"
      },
      "original": {
        "owner": "Homebrew",
        "ref": "5.0.12",
        "repo": "brew",
        "type": "github"
      }
    },
    "catppuccin": {
      "inputs": {
        "nixpkgs": [
          "nixpkgs"
        ]
      },
      "locked": {
        "lastModified": 1769946009,
        "narHash": "sha256-cjPsPx3qlP7RW78lcGJoTP/B6yqY6BJJjwT7QUg8ByY=",
        "owner": "catppuccin",
        "repo": "nix",
        "rev": "ff59ad5085b7d71705ea1f019c02b08dfe40d9c8",
        "type": "github"
      },
      "original": {
        "owner": "catppuccin",
        "repo": "nix",
        "type": "github"
      }
    },
    "fish-plugin-nvm": {
      "flake": false,
      "locked": {
        "lastModified": 1764943543,
        "narHash": "sha256-ZY443mWe/J2eSylzgNEJiLvurqE9StWGb0fvGHthqA0=",
        "owner": "jorgebucaran",
        "repo": "nvm.fish",
        "rev": "cc70373951379cb986a99f059bfc1e9834a3bdd7",
        "type": "github"
      },
      "original": {
        "owner": "jorgebucaran",
        "repo": "nvm.fish",
        "type": "github"
      }
    },
    "home-manager": {
      "inputs": {
        "nixpkgs": [
          "nixpkgs"
        ]
      },
      "locked": {
        "lastModified": 1770299906,
        "narHash": "sha256-/t77Jcj4slWWby2v7Fng48wO7XNvcJNkrx3yyFpvKiw=",
        "owner": "nix-community",
        "repo": "home-manager",
        "rev": "bbccee87134fdf6d153d10ff8c06f94d7339c830",
        "type": "github"
      },
      "original": {
        "owner": "nix-community",
        "repo": "home-manager",
        "type": "github"
      }
    },
    "nix-darwin": {
      "inputs": {
        "nixpkgs": [
          "nixpkgs"
        ]
      },
      "locked": {
        "lastModified": 1770184146,
        "narHash": "sha256-DsqnN6LvXmohTRaal7tVZO/AKBuZ02kPBiZKSU4qa/k=",
        "owner": "LnL7",
        "repo": "nix-darwin",
        "rev": "0d7874ef7e3ba02d58bebb871e6e29da36fa1b37",
        "type": "github"
      },
      "original": {
        "owner": "LnL7",
        "repo": "nix-darwin",
        "type": "github"
      }
    },
    "nix-homebrew": {
      "inputs": {
        "brew-src": "brew-src"
      },
      "locked": {
        "lastModified": 1769437432,
        "narHash": "sha256-8d7KnCpT2LweRvSzZYEGd9IM3eFX+A78opcnDM0+ndk=",
        "owner": "zhaofengli-wip",
        "repo": "nix-homebrew",
        "rev": "a5409abd0d5013d79775d3419bcac10eacb9d8c5",
        "type": "github"
      },
      "original": {
        "owner": "zhaofengli-wip",
        "repo": "nix-homebrew",
        "type": "github"
      }
    },
    "nixpkgs": {
      "locked": {
        "lastModified": 1770169770,
        "narHash": "sha256-awR8qIwJxJJiOmcEGgP2KUqYmHG4v/z8XpL9z8FnT1A=",
        "owner": "NixOS",
        "repo": "nixpkgs",
        "rev": "aa290c9891fa4ebe88f8889e59633d20cc06a5f2",
        "type": "github"
      },
      "original": {
        "owner": "NixOS",
        "ref": "nixpkgs-unstable",
        "repo": "nixpkgs",
        "type": "github"
      }
    },
    "root": {
      "inputs": {
        "asdf-plugin-nodejs": "asdf-plugin-nodejs",
        "asdf-plugin-python": "asdf-plugin-python",
        "catppuccin": "catppuccin",
        "fish-plugin-nvm": "fish-plugin-nvm",
        "home-manager": "home-manager",
        "nix-darwin": "nix-darwin",
        "nix-homebrew": "nix-homebrew",
        "nixpkgs": "nixpkgs",
        "tap-homebrew-bundle": "tap-homebrew-bundle",
        "tap-homebrew-cask": "tap-homebrew-cask",
        "tap-homebrew-core": "tap-homebrew-core",
        "tap-jira-cli": "tap-jira-cli",
        "tap-mattt-tap": "tap-mattt-tap",
        "tap-nikitabobko-tap": "tap-nikitabobko-tap"
      }
    },
    "tap-homebrew-bundle": {
      "flake": false,
      "locked": {
        "lastModified": 1745335228,
        "narHash": "sha256-TIKR2UgtyUmHLNZp255/vLs+1I10hXe+sciMEbAGFwE=",
        "owner": "homebrew",
        "repo": "homebrew-bundle",
        "rev": "a3265c84b232e13048ecbf6fc18a2eedfadbeb08",
        "type": "github"
      },
      "original": {
        "owner": "homebrew",
        "repo": "homebrew-bundle",
        "type": "github"
      }
    },
    "tap-homebrew-cask": {
      "flake": false,
      "locked": {
        "lastModified": 1770301720,
        "narHash": "sha256-MHn/QTgUG0JqkSxbbiev2lyhoUw4LAlPsO16tjhYAMU=",
        "owner": "homebrew",
        "repo": "homebrew-cask",
        "rev": "1f5a863b5f4113351a6b8c8ecf2ac1b89b8095a6",
        "type": "github"
      },
      "original": {
        "owner": "homebrew",
        "repo": "homebrew-cask",
        "type": "github"
      }
    },
    "tap-homebrew-core": {
      "flake": false,
      "locked": {
        "lastModified": 1770303591,
        "narHash": "sha256-h/vGA39FFFMaKm/NVLr57w2F4qlzEx7D5md9y6Wtpp4=",
        "owner": "homebrew",
        "repo": "homebrew-core",
        "rev": "f3308aa93afad89e8d479d7e9061a9c73d70e826",
        "type": "github"
      },
      "original": {
        "owner": "homebrew",
        "repo": "homebrew-core",
        "type": "github"
      }
    },
    "tap-jira-cli": {
      "flake": false,
      "locked": {
        "lastModified": 1756630290,
        "narHash": "sha256-FaA5NRgEFsoqBiCT+GLlb5pOpKnra+YdRLoJjV0rNOI=",
        "owner": "ankitpokhrel",
        "repo": "homebrew-jira-cli",
        "rev": "e9a0a4593e1756da3ec02cf3cd63cc3066330d1f",
        "type": "github"
      },
      "original": {
        "owner": "ankitpokhrel",
        "repo": "homebrew-jira-cli",
        "type": "github"
      }
    },
    "tap-mattt-tap": {
      "flake": false,
      "locked": {
        "lastModified": 1760009931,
        "narHash": "sha256-ltyfq9k97HQ6Yx8HZiUpiyXFx6lWmQi0ClM/G5XnSmA=",
        "owner": "mattt",
        "repo": "homebrew-tap",
        "rev": "c7021af616217419ca12c926d05e9dadc58d4b22",
        "type": "github"
      },
      "original": {
        "owner": "mattt",
        "repo": "homebrew-tap",
        "type": "github"
      }
    },
    "tap-nikitabobko-tap": {
      "flake": false,
      "locked": {
        "lastModified": 1767556899,
        "narHash": "sha256-UXqidzDPZk30+KXaapZo7U33Cfwmaef7knwDO26Wa4c=",
        "owner": "nikitabobko",
        "repo": "homebrew-tap",
        "rev": "3806a446c6c4c6962d8790187ccdbd2bdbdebb5a",
        "type": "github"
      },
      "original": {
        "owner": "nikitabobko",
        "repo": "homebrew-tap",
        "type": "github"
      }
    }
  },
  "root": "root",
  "version": 7
}
